
Microsoft Visual Studio Solution File, Format Version 12.00
# Visual Studio Version 17
VisualStudioVersion = 17.7.34009.444
MinimumVisualStudioVersion = 10.0.40219.1
Project("{9A19103F-16F7-4668-BE54-9A1E7A4F7556}") = "Ejercicio1", "Ejercicio1\Ejercicio1.csproj", "{FB6287D9-5B27-4D77-889B-671DC6573929}"
EndProject
Project("{FAE04EC0-301F-11D3-BF4B-00C04F79EFBC}") = "Ejercicio2", "Ejercicio2\Ejercicio2.csproj", "{79424F77-26B4-495C-B5F8-30B569ECFA09}"
EndProject
Global
	GlobalSection(SolutionConfigurationPlatforms) = preSolution
		Debug|Any CPU = Debug|Any CPU
		Release|Any CPU = Release|Any CPU
	EndGlobalSection
	GlobalSection(ProjectConfigurationPlatforms) = postSolution
		{FB6287D9-5B27-4D77-889B-671DC6573929}.Debug|Any CPU.ActiveCfg = Debug|Any CPU
		{FB6287D9-5B27-4D77-889B-671DC6573929}.Debug|Any CPU.Build.0 = Debug|Any CPU
		{FB6287D9-5B27-4D77-889B-671DC6573929}.Release|Any CPU.ActiveCfg = Release|Any CPU
		{FB6287D9-5B27-4D77-889B-671DC6573929}.Release|Any CPU.Build.0 = Release|Any CPU
		{79424F77-26B4-495C-B5F8-30B569ECFA09}.Debug|Any CPU.ActiveCfg = Debug|Any CPU
		{79424F77-26B4-495C-B5F8-30B569ECFA09}.Debug|Any CPU.Build.0 = Debug|Any CPU
		{79424F77-26B4-495C-B5F8-30B569ECFA09}.Release|Any CPU.ActiveCfg = Release|Any CPU
		{79424F77-26B4-495C-B5F8-30B569ECFA09}.Release|Any CPU.Build.0 = Release|Any CPU
	EndGlobalSection
	GlobalSection(SolutionProperties) = preSolution
		HideSolutionNode = FALSE
	EndGlobalSection
	GlobalSection(ExtensibilityGlobals) = postSolution
		SolutionGuid = {3232730C-7811-44D3-A3F3-5ADFBC8EC585}
	EndGlobalSection
EndGlobal
